{
  "pins" : [
    {
      "identity" : "bayes",
      "kind" : "remoteSourceControl",
      "location" : "https://github.com/fcanas/Bayes",
      "state" : {
        "revision" : "2e237f67e1e8398f3ffa5e75180ba3d3a0d9c9ae",
        "version" : "1.0.0"
      }
    },
    {
      "identity" : "mockingbird",
      "kind" : "remoteSourceControl",
      "location" : "https://github.com/birdrides/mockingbird",
      "state" : {
        "revision" : "6e0d473df6b975719e145f6aebf90990c634700e",
        "version" : "0.20.0"
      }
    }
  ],
  "version" : 2
}
