{
  "originHash" : "72e67ffb275fb13270a78bc6637723fc29dd7ff11e768eb616cb5368557d51e0",
  "pins" : [
    {
      "identity" : "bayes",
      "kind" : "remoteSourceControl",
      "location" : "https://github.com/fcanas/Bayes",
      "state" : {
        "revision" : "2e237f67e1e8398f3ffa5e75180ba3d3a0d9c9ae",
        "version" : "1.0.0"
      }
    }
  ],
  "version" : 3
}
