// !$*UTF8*$!
{
	archiveVersion = 1;
	classes = {
	};
	objectVersion = 56;
	objects = {

/* Begin PBXBuildFile section */
		B12119092B45519E008C7195 /* String+Values.swift in Sources */ = {isa = PBXBuildFile; fileRef = B12119082B45519E008C7195 /* String+Values.swift */; };
		B16164262B431AC9004D64AB /* Bayes in Frameworks */ = {isa = PBXBuildFile; productRef = B16164252B431AC9004D64AB /* Bayes */; };
		B17F91412B416FA000473E19 /* TreeBuilderTests.swift in Sources */ = {isa = PBXBuildFile; fileRef = B17F91402B416FA000473E19 /* TreeBuilderTests.swift */; };
		B17F91452B41B83000473E19 /* TextScrapper.swift in Sources */ = {isa = PBXBuildFile; fileRef = B17F91442B41B83000473E19 /* TextScrapper.swift */; };
		B17F91482B41D75900473E19 /* TextScrapperTests.swift in Sources */ = {isa = PBXBuildFile; fileRef = B17F91472B41D75900473E19 /* TextScrapperTests.swift */; };
		B1869EA22B42E2FA00B7407E /* FileClassifier.swift in Sources */ = {isa = PBXBuildFile; fileRef = B1869EA12B42E2FA00B7407E /* FileClassifier.swift */; };
		B19E6A742B40495C006B7A4A /* Node.swift in Sources */ = {isa = PBXBuildFile; fileRef = B19E6A732B40495C006B7A4A /* Node.swift */; };
		B19E6A762B404A9C006B7A4A /* TreeBuilder.swift in Sources */ = {isa = PBXBuildFile; fileRef = B19E6A752B404A9C006B7A4A /* TreeBuilder.swift */; };
		B1EBD3A32B41DB6F00BE2CA0 /* PDFKitWrapper.swift in Sources */ = {isa = PBXBuildFile; fileRef = B1EBD3A22B41DB6F00BE2CA0 /* PDFKitWrapper.swift */; };
		B1FBB7782B3EF389006FC513 /* OrdnerMeisterApp.swift in Sources */ = {isa = PBXBuildFile; fileRef = B1FBB7772B3EF389006FC513 /* OrdnerMeisterApp.swift */; };
		B1FBB77A2B3EF389006FC513 /* ConfigurationView.swift in Sources */ = {isa = PBXBuildFile; fileRef = B1FBB7792B3EF389006FC513 /* ConfigurationView.swift */; };
		B1FBB77C2B3EF389006FC513 /* Assets.xcassets in Resources */ = {isa = PBXBuildFile; fileRef = B1FBB77B2B3EF389006FC513 /* Assets.xcassets */; };
		B1FBB77F2B3EF389006FC513 /* Preview Assets.xcassets in Resources */ = {isa = PBXBuildFile; fileRef = B1FBB77E2B3EF389006FC513 /* Preview Assets.xcassets */; };
		B1FBB7A32B3EF5B4006FC513 /* ConfigurationViewModel.swift in Sources */ = {isa = PBXBuildFile; fileRef = B1FBB7A22B3EF5B4006FC513 /* ConfigurationViewModel.swift */; };
		B1FBB7AC2B3F202D006FC513 /* Mockingbird in Frameworks */ = {isa = PBXBuildFile; productRef = B1FBB7AB2B3F202D006FC513 /* Mockingbird */; };
		B1FBB7B42B40018D006FC513 /* OMLogger.swift in Sources */ = {isa = PBXBuildFile; fileRef = B1FBB7B32B40018D006FC513 /* OMLogger.swift */; };
		F2A074E5241F2FD5A8C94348 /* OrdnerMeisterTests-OrdnerMeisterMocks.generated.swift in Sources */ = {isa = PBXBuildFile; fileRef = 354E72FE353BCE3D3DA8083D /* OrdnerMeisterTests-OrdnerMeisterMocks.generated.swift */; };
/* End PBXBuildFile section */

/* Begin PBXContainerItemProxy section */
		B1FBB7862B3EF38A006FC513 /* PBXContainerItemProxy */ = {
			isa = PBXContainerItemProxy;
			containerPortal = B1FBB76C2B3EF389006FC513 /* Project object */;
			proxyType = 1;
			remoteGlobalIDString = B1FBB7732B3EF389006FC513;
			remoteInfo = OrdnerMeister;
		};
/* End PBXContainerItemProxy section */

/* Begin PBXFileReference section */
		354E72FE353BCE3D3DA8083D /* OrdnerMeisterTests-OrdnerMeisterMocks.generated.swift */ = {isa = PBXFileReference; explicitFileType = sourcecode.swift; name = "OrdnerMeisterTests-OrdnerMeisterMocks.generated.swift"; path = "MockingbirdMocks/OrdnerMeisterTests-OrdnerMeisterMocks.generated.swift"; sourceTree = "<group>"; };
		B12119082B45519E008C7195 /* String+Values.swift */ = {isa = PBXFileReference; lastKnownFileType = sourcecode.swift; path = "String+Values.swift"; sourceTree = "<group>"; };
		B15485972B42F2EC00CB7FB5 /* OrdnerMeister.xctestplan */ = {isa = PBXFileReference; lastKnownFileType = text; path = OrdnerMeister.xctestplan; sourceTree = "<group>"; };
		B17F91402B416FA000473E19 /* TreeBuilderTests.swift */ = {isa = PBXFileReference; lastKnownFileType = sourcecode.swift; path = TreeBuilderTests.swift; sourceTree = "<group>"; };
		B17F91442B41B83000473E19 /* TextScrapper.swift */ = {isa = PBXFileReference; lastKnownFileType = sourcecode.swift; path = TextScrapper.swift; sourceTree = "<group>"; };
		B17F91472B41D75900473E19 /* TextScrapperTests.swift */ = {isa = PBXFileReference; lastKnownFileType = sourcecode.swift; path = TextScrapperTests.swift; sourceTree = "<group>"; };
		B1869E932B42BA5E00B7407E /* OrdnerMeister.app */ = {isa = PBXFileReference; explicitFileType = wrapper.application; includeInIndex = 0; path = OrdnerMeister.app; sourceTree = BUILT_PRODUCTS_DIR; };
		B1869E942B42BA5E00B7407E /* OrdnerMeisterTests.xctest */ = {isa = PBXFileReference; explicitFileType = wrapper.cfbundle; includeInIndex = 0; path = OrdnerMeisterTests.xctest; sourceTree = BUILT_PRODUCTS_DIR; };
		B1869E962B42BA7F00B7407E /* OrdnerMeister.app */ = {isa = PBXFileReference; lastKnownFileType = wrapper.application; name = OrdnerMeister.app; path = "../../Library/Developer/Xcode/DerivedData/OrdnerMeister-hbfxjdouoblsfmfznnnftqefcdkp/Build/Products/Debug/OrdnerMeister.app"; sourceTree = "<group>"; };
		B1869E972B42BA8200B7407E /* OrdnerMeister.app */ = {isa = PBXFileReference; lastKnownFileType = wrapper.application; name = OrdnerMeister.app; path = "../../Library/Developer/Xcode/DerivedData/OrdnerMeister-hbfxjdouoblsfmfznnnftqefcdkp/Build/Products/Debug/OrdnerMeister.app"; sourceTree = "<group>"; };
		B1869E982B42BA9500B7407E /* OrdnerMeister.app */ = {isa = PBXFileReference; lastKnownFileType = wrapper.application; name = OrdnerMeister.app; path = "../../Library/Developer/Xcode/DerivedData/OrdnerMeister-hbfxjdouoblsfmfznnnftqefcdkp/Build/Products/Debug/OrdnerMeister.app"; sourceTree = "<group>"; };
		B1869EA12B42E2FA00B7407E /* FileClassifier.swift */ = {isa = PBXFileReference; lastKnownFileType = sourcecode.swift; path = FileClassifier.swift; sourceTree = "<group>"; };
		B19E6A732B40495C006B7A4A /* Node.swift */ = {isa = PBXFileReference; lastKnownFileType = sourcecode.swift; path = Node.swift; sourceTree = "<group>"; };
		B19E6A752B404A9C006B7A4A /* TreeBuilder.swift */ = {isa = PBXFileReference; lastKnownFileType = sourcecode.swift; path = TreeBuilder.swift; sourceTree = "<group>"; };
		B1EBD3A22B41DB6F00BE2CA0 /* PDFKitWrapper.swift */ = {isa = PBXFileReference; lastKnownFileType = sourcecode.swift; path = PDFKitWrapper.swift; sourceTree = "<group>"; };
		B1FBB7772B3EF389006FC513 /* OrdnerMeisterApp.swift */ = {isa = PBXFileReference; lastKnownFileType = sourcecode.swift; path = OrdnerMeisterApp.swift; sourceTree = "<group>"; };
		B1FBB7792B3EF389006FC513 /* ConfigurationView.swift */ = {isa = PBXFileReference; lastKnownFileType = sourcecode.swift; path = ConfigurationView.swift; sourceTree = "<group>"; };
		B1FBB77B2B3EF389006FC513 /* Assets.xcassets */ = {isa = PBXFileReference; lastKnownFileType = folder.assetcatalog; path = Assets.xcassets; sourceTree = "<group>"; };
		B1FBB77E2B3EF389006FC513 /* Preview Assets.xcassets */ = {isa = PBXFileReference; lastKnownFileType = folder.assetcatalog; path = "Preview Assets.xcassets"; sourceTree = "<group>"; };
		B1FBB7802B3EF389006FC513 /* OrdnerMeister.entitlements */ = {isa = PBXFileReference; lastKnownFileType = text.plist.entitlements; path = OrdnerMeister.entitlements; sourceTree = "<group>"; };
		B1FBB7A22B3EF5B4006FC513 /* ConfigurationViewModel.swift */ = {isa = PBXFileReference; lastKnownFileType = sourcecode.swift; path = ConfigurationViewModel.swift; sourceTree = "<group>"; };
		B1FBB7B32B40018D006FC513 /* OMLogger.swift */ = {isa = PBXFileReference; lastKnownFileType = sourcecode.swift; path = OMLogger.swift; sourceTree = "<group>"; };
/* End PBXFileReference section */

/* Begin PBXFrameworksBuildPhase section */
		B1FBB7712B3EF389006FC513 /* Frameworks */ = {
			isa = PBXFrameworksBuildPhase;
			buildActionMask = 2147483647;
			files = (
				B16164262B431AC9004D64AB /* Bayes in Frameworks */,
			);
			runOnlyForDeploymentPostprocessing = 0;
		};
		B1FBB7822B3EF38A006FC513 /* Frameworks */ = {
			isa = PBXFrameworksBuildPhase;
			buildActionMask = 2147483647;
			files = (
				B1FBB7AC2B3F202D006FC513 /* Mockingbird in Frameworks */,
			);
			runOnlyForDeploymentPostprocessing = 0;
		};
/* End PBXFrameworksBuildPhase section */

/* Begin PBXGroup section */
		AFD693E69DDB532F75B6EF36 /* Generated Mocks */ = {
			isa = PBXGroup;
			children = (
				B1869E962B42BA7F00B7407E /* OrdnerMeister.app */,
				B1869E972B42BA8200B7407E /* OrdnerMeister.app */,
				B1869E982B42BA9500B7407E /* OrdnerMeister.app */,
				354E72FE353BCE3D3DA8083D /* OrdnerMeisterTests-OrdnerMeisterMocks.generated.swift */,
			);
			name = "Generated Mocks";
			sourceTree = "<group>";
		};
		B12119072B455190008C7195 /* String */ = {
			isa = PBXGroup;
			children = (
				B12119082B45519E008C7195 /* String+Values.swift */,
			);
			path = String;
			sourceTree = "<group>";
		};
		B17F913F2B416F7B00473E19 /* OrdnerMeisterTests */ = {
			isa = PBXGroup;
			children = (
				B17F91422B41B57900473E19 /* FileTree */,
				B17F91462B41D73900473E19 /* PDF */,
			);
			path = OrdnerMeisterTests;
			sourceTree = "<group>";
		};
		B17F91422B41B57900473E19 /* FileTree */ = {
			isa = PBXGroup;
			children = (
				B17F91402B416FA000473E19 /* TreeBuilderTests.swift */,
			);
			path = FileTree;
			sourceTree = "<group>";
		};
		B17F91432B41B80800473E19 /* PDF */ = {
			isa = PBXGroup;
			children = (
				B17F91442B41B83000473E19 /* TextScrapper.swift */,
				B1EBD3A22B41DB6F00BE2CA0 /* PDFKitWrapper.swift */,
			);
			path = PDF;
			sourceTree = "<group>";
		};
		B17F91462B41D73900473E19 /* PDF */ = {
			isa = PBXGroup;
			children = (
				B17F91472B41D75900473E19 /* TextScrapperTests.swift */,
			);
			path = PDF;
			sourceTree = "<group>";
		};
		B1869E9E2B42BC8300B7407E /* NLP */ = {
			isa = PBXGroup;
			children = (
				B1869EA12B42E2FA00B7407E /* FileClassifier.swift */,
			);
			path = NLP;
			sourceTree = "<group>";
		};
		B19E6A722B404930006B7A4A /* FileTree */ = {
			isa = PBXGroup;
			children = (
				B19E6A732B40495C006B7A4A /* Node.swift */,
				B19E6A752B404A9C006B7A4A /* TreeBuilder.swift */,
			);
			path = FileTree;
			sourceTree = "<group>";
		};
		B1FBB76B2B3EF389006FC513 = {
			isa = PBXGroup;
			children = (
				B1FBB7762B3EF389006FC513 /* OrdnerMeister */,
				B17F913F2B416F7B00473E19 /* OrdnerMeisterTests */,
				AFD693E69DDB532F75B6EF36 /* Generated Mocks */,
				B1869E932B42BA5E00B7407E /* OrdnerMeister.app */,
				B1869E942B42BA5E00B7407E /* OrdnerMeisterTests.xctest */,
				B15485972B42F2EC00CB7FB5 /* OrdnerMeister.xctestplan */,
			);
			sourceTree = "<group>";
		};
		B1FBB7762B3EF389006FC513 /* OrdnerMeister */ = {
			isa = PBXGroup;
			children = (
				B1FBB7A42B3F1AFC006FC513 /* Main */,
				B1FBB7B12B40010A006FC513 /* Shared */,
				B19E6A722B404930006B7A4A /* FileTree */,
				B17F91432B41B80800473E19 /* PDF */,
				B1869E9E2B42BC8300B7407E /* NLP */,
				B1FBB77B2B3EF389006FC513 /* Assets.xcassets */,
				B1FBB7802B3EF389006FC513 /* OrdnerMeister.entitlements */,
				B1FBB77D2B3EF389006FC513 /* Preview Content */,
			);
			path = OrdnerMeister;
			sourceTree = "<group>";
		};
		B1FBB77D2B3EF389006FC513 /* Preview Content */ = {
			isa = PBXGroup;
			children = (
				B1FBB77E2B3EF389006FC513 /* Preview Assets.xcassets */,
			);
			path = "Preview Content";
			sourceTree = "<group>";
		};
		B1FBB7A42B3F1AFC006FC513 /* Main */ = {
			isa = PBXGroup;
			children = (
				B1FBB7772B3EF389006FC513 /* OrdnerMeisterApp.swift */,
				B1FBB7792B3EF389006FC513 /* ConfigurationView.swift */,
				B1FBB7A22B3EF5B4006FC513 /* ConfigurationViewModel.swift */,
			);
			path = Main;
			sourceTree = "<group>";
		};
		B1FBB7B12B40010A006FC513 /* Shared */ = {
			isa = PBXGroup;
			children = (
				B12119072B455190008C7195 /* String */,
				B1FBB7B22B40017A006FC513 /* Logging */,
			);
			path = Shared;
			sourceTree = "<group>";
		};
		B1FBB7B22B40017A006FC513 /* Logging */ = {
			isa = PBXGroup;
			children = (
				B1FBB7B32B40018D006FC513 /* OMLogger.swift */,
			);
			path = Logging;
			sourceTree = "<group>";
		};
/* End PBXGroup section */

/* Begin PBXNativeTarget section */
		B1FBB7732B3EF389006FC513 /* OrdnerMeister */ = {
			isa = PBXNativeTarget;
			buildConfigurationList = B1FBB7992B3EF38A006FC513 /* Build configuration list for PBXNativeTarget "OrdnerMeister" */;
			buildPhases = (
				B1FBB7702B3EF389006FC513 /* Sources */,
				B1FBB7712B3EF389006FC513 /* Frameworks */,
				B1FBB7722B3EF389006FC513 /* Resources */,
			);
			buildRules = (
			);
			dependencies = (
			);
			name = OrdnerMeister;
			packageProductDependencies = (
				B16164252B431AC9004D64AB /* Bayes */,
			);
			productName = OrdnerMeister;
			productReference = B1869E932B42BA5E00B7407E /* OrdnerMeister.app */;
			productType = "com.apple.product-type.application";
		};
		B1FBB7842B3EF38A006FC513 /* OrdnerMeisterTests */ = {
			isa = PBXNativeTarget;
			buildConfigurationList = B1FBB79C2B3EF38A006FC513 /* Build configuration list for PBXNativeTarget "OrdnerMeisterTests" */;
			buildPhases = (
				45D562860EF596B248E42BA3 /* Generate Mockingbird Mocks */,
				B1FBB7812B3EF38A006FC513 /* Sources */,
				B1FBB7822B3EF38A006FC513 /* Frameworks */,
				B1FBB7832B3EF38A006FC513 /* Resources */,
			);
			buildRules = (
			);
			dependencies = (
				B1FBB7872B3EF38A006FC513 /* PBXTargetDependency */,
			);
			name = OrdnerMeisterTests;
			packageProductDependencies = (
				B1FBB7AB2B3F202D006FC513 /* Mockingbird */,
			);
			productName = OrdnerMeisterTests;
			productReference = B1869E942B42BA5E00B7407E /* OrdnerMeisterTests.xctest */;
			productType = "com.apple.product-type.bundle.unit-test";
		};
/* End PBXNativeTarget section */

/* Begin PBXProject section */
		B1FBB76C2B3EF389006FC513 /* Project object */ = {
			isa = PBXProject;
			attributes = {
				BuildIndependentTargetsInParallel = 1;
				LastSwiftUpdateCheck = 1510;
				LastUpgradeCheck = 1510;
				TargetAttributes = {
					B1FBB7732B3EF389006FC513 = {
						CreatedOnToolsVersion = 15.1;
					};
					B1FBB7842B3EF38A006FC513 = {
						CreatedOnToolsVersion = 15.1;
						LastSwiftMigration = 1510;
						TestTargetID = B1FBB7732B3EF389006FC513;
					};
				};
			};
			buildConfigurationList = B1FBB76F2B3EF389006FC513 /* Build configuration list for PBXProject "OrdnerMeister" */;
			compatibilityVersion = "Xcode 14.0";
			developmentRegion = en;
			hasScannedForEncodings = 0;
			knownRegions = (
				en,
				Base,
			);
			mainGroup = B1FBB76B2B3EF389006FC513;
			packageReferences = (
				B1FBB7AA2B3F202D006FC513 /* XCRemoteSwiftPackageReference "mockingbird" */,
				B16164242B431AC9004D64AB /* XCRemoteSwiftPackageReference "Bayes" */,
			);
			productRefGroup = B1FBB76B2B3EF389006FC513;
			projectDirPath = "";
			projectRoot = "";
			targets = (
				B1FBB7732B3EF389006FC513 /* OrdnerMeister */,
				B1FBB7842B3EF38A006FC513 /* OrdnerMeisterTests */,
			);
		};
/* End PBXProject section */

/* Begin PBXResourcesBuildPhase section */
		B1FBB7722B3EF389006FC513 /* Resources */ = {
			isa = PBXResourcesBuildPhase;
			buildActionMask = 2147483647;
			files = (
				B1FBB77F2B3EF389006FC513 /* Preview Assets.xcassets in Resources */,
				B1FBB77C2B3EF389006FC513 /* Assets.xcassets in Resources */,
			);
			runOnlyForDeploymentPostprocessing = 0;
		};
		B1FBB7832B3EF38A006FC513 /* Resources */ = {
			isa = PBXResourcesBuildPhase;
			buildActionMask = 2147483647;
			files = (
			);
			runOnlyForDeploymentPostprocessing = 0;
		};
/* End PBXResourcesBuildPhase section */

/* Begin PBXShellScriptBuildPhase section */
		45D562860EF596B248E42BA3 /* Generate Mockingbird Mocks */ = {
			isa = PBXShellScriptBuildPhase;
			alwaysOutOfDate = 1;
			buildActionMask = 2147483647;
			files = (
			);
			inputPaths = (
			);
			name = "Generate Mockingbird Mocks";
			outputPaths = (
				"$(SRCROOT)/MockingbirdMocks/OrdnerMeisterTests-OrdnerMeisterMocks.generated.swift",
			);
			runOnlyForDeploymentPostprocessing = 0;
			shellPath = /bin/sh;
			shellScript = "set -eu\n\n# Prevent Xcode 13 from running this script while indexing.\n[[ \"${ACTION}\" == \"indexbuild\" ]] && exit 0\n\n# Infer the derived data location from the build environment.\n[[ -z \"${DERIVED_DATA+x}\" ]] && DERIVED_DATA=\"$(echo \"${BUILD_ROOT}\" | sed -n 's|\\(.*\\)/Build/.*|\\1|p')\"\n\n\"${DERIVED_DATA}/SourcePackages/checkouts/mockingbird/mockingbird\" generate --targets \"OrdnerMeister\" --outputs \"${SRCROOT}/MockingbirdMocks/OrdnerMeisterTests-OrdnerMeisterMocks.generated.swift\"\n";
		};
/* End PBXShellScriptBuildPhase section */

/* Begin PBXSourcesBuildPhase section */
		B1FBB7702B3EF389006FC513 /* Sources */ = {
			isa = PBXSourcesBuildPhase;
			buildActionMask = 2147483647;
			files = (
				B1FBB77A2B3EF389006FC513 /* ConfigurationView.swift in Sources */,
				B1EBD3A32B41DB6F00BE2CA0 /* PDFKitWrapper.swift in Sources */,
				B12119092B45519E008C7195 /* String+Values.swift in Sources */,
				B19E6A762B404A9C006B7A4A /* TreeBuilder.swift in Sources */,
				B19E6A742B40495C006B7A4A /* Node.swift in Sources */,
				B1FBB7B42B40018D006FC513 /* OMLogger.swift in Sources */,
				B1869EA22B42E2FA00B7407E /* FileClassifier.swift in Sources */,
				B17F91452B41B83000473E19 /* TextScrapper.swift in Sources */,
				B1FBB7782B3EF389006FC513 /* OrdnerMeisterApp.swift in Sources */,
				B1FBB7A32B3EF5B4006FC513 /* ConfigurationViewModel.swift in Sources */,
			);
			runOnlyForDeploymentPostprocessing = 0;
		};
		B1FBB7812B3EF38A006FC513 /* Sources */ = {
			isa = PBXSourcesBuildPhase;
			buildActionMask = 2147483647;
			files = (
				F2A074E5241F2FD5A8C94348 /* OrdnerMeisterTests-OrdnerMeisterMocks.generated.swift in Sources */,
				B17F91412B416FA000473E19 /* TreeBuilderTests.swift in Sources */,
				B17F91482B41D75900473E19 /* TextScrapperTests.swift in Sources */,
			);
			runOnlyForDeploymentPostprocessing = 0;
		};
/* End PBXSourcesBuildPhase section */

/* Begin PBXTargetDependency section */
		B1FBB7872B3EF38A006FC513 /* PBXTargetDependency */ = {
			isa = PBXTargetDependency;
			target = B1FBB7732B3EF389006FC513 /* OrdnerMeister */;
			targetProxy = B1FBB7862B3EF38A006FC513 /* PBXContainerItemProxy */;
		};
/* End PBXTargetDependency section */

/* Begin XCBuildConfiguration section */
		B1FBB7972B3EF38A006FC513 /* Debug */ = {
			isa = XCBuildConfiguration;
			buildSettings = {
				ALWAYS_SEARCH_USER_PATHS = NO;
				ASSETCATALOG_COMPILER_GENERATE_SWIFT_ASSET_SYMBOL_EXTENSIONS = YES;
				CLANG_ANALYZER_NONNULL = YES;
				CLANG_ANALYZER_NUMBER_OBJECT_CONVERSION = YES_AGGRESSIVE;
				CLANG_CXX_LANGUAGE_STANDARD = "gnu++20";
				CLANG_ENABLE_MODULES = YES;
				CLANG_ENABLE_OBJC_ARC = YES;
				CLANG_ENABLE_OBJC_WEAK = YES;
				CLANG_WARN_BLOCK_CAPTURE_AUTORELEASING = YES;
				CLANG_WARN_BOOL_CONVERSION = YES;
				CLANG_WARN_COMMA = YES;
				CLANG_WARN_CONSTANT_CONVERSION = YES;
				CLANG_WARN_DEPRECATED_OBJC_IMPLEMENTATIONS = YES;
				CLANG_WARN_DIRECT_OBJC_ISA_USAGE = YES_ERROR;
				CLANG_WARN_DOCUMENTATION_COMMENTS = YES;
				CLANG_WARN_EMPTY_BODY = YES;
				CLANG_WARN_ENUM_CONVERSION = YES;
				CLANG_WARN_INFINITE_RECURSION = YES;
				CLANG_WARN_INT_CONVERSION = YES;
				CLANG_WARN_NON_LITERAL_NULL_CONVERSION = YES;
				CLANG_WARN_OBJC_IMPLICIT_RETAIN_SELF = YES;
				CLANG_WARN_OBJC_LITERAL_CONVERSION = YES;
				CLANG_WARN_OBJC_ROOT_CLASS = YES_ERROR;
				CLANG_WARN_QUOTED_INCLUDE_IN_FRAMEWORK_HEADER = YES;
				CLANG_WARN_RANGE_LOOP_ANALYSIS = YES;
				CLANG_WARN_STRICT_PROTOTYPES = YES;
				CLANG_WARN_SUSPICIOUS_MOVE = YES;
				CLANG_WARN_UNGUARDED_AVAILABILITY = YES_AGGRESSIVE;
				CLANG_WARN_UNREACHABLE_CODE = YES;
				CLANG_WARN__DUPLICATE_METHOD_MATCH = YES;
				COPY_PHASE_STRIP = NO;
				DEBUG_INFORMATION_FORMAT = dwarf;
				ENABLE_STRICT_OBJC_MSGSEND = YES;
				ENABLE_TESTABILITY = YES;
				ENABLE_USER_SCRIPT_SANDBOXING = YES;
				ENABLE_USER_SELECTED_FILES = readwrite;
				GCC_C_LANGUAGE_STANDARD = gnu17;
				GCC_DYNAMIC_NO_PIC = NO;
				GCC_NO_COMMON_BLOCKS = YES;
				GCC_OPTIMIZATION_LEVEL = 0;
				GCC_PREPROCESSOR_DEFINITIONS = (
					"DEBUG=1",
					"$(inherited)",
				);
				GCC_WARN_64_TO_32_BIT_CONVERSION = YES;
				GCC_WARN_ABOUT_RETURN_TYPE = YES_ERROR;
				GCC_WARN_UNDECLARED_SELECTOR = YES;
				GCC_WARN_UNINITIALIZED_AUTOS = YES_AGGRESSIVE;
				GCC_WARN_UNUSED_FUNCTION = YES;
				GCC_WARN_UNUSED_VARIABLE = YES;
				LOCALIZATION_PREFERS_STRING_CATALOGS = YES;
				MACOSX_DEPLOYMENT_TARGET = 14.1;
				MTL_ENABLE_DEBUG_INFO = INCLUDE_SOURCE;
				MTL_FAST_MATH = YES;
				ONLY_ACTIVE_ARCH = YES;
				SDKROOT = macosx;
				SWIFT_ACTIVE_COMPILATION_CONDITIONS = "DEBUG $(inherited)";
				SWIFT_OPTIMIZATION_LEVEL = "-Onone";
			};
			name = Debug;
		};
		B1FBB7982B3EF38A006FC513 /* Release */ = {
			isa = XCBuildConfiguration;
			buildSettings = {
				ALWAYS_SEARCH_USER_PATHS = NO;
				ASSETCATALOG_COMPILER_GENERATE_SWIFT_ASSET_SYMBOL_EXTENSIONS = YES;
				CLANG_ANALYZER_NONNULL = YES;
				CLANG_ANALYZER_NUMBER_OBJECT_CONVERSION = YES_AGGRESSIVE;
				CLANG_CXX_LANGUAGE_STANDARD = "gnu++20";
				CLANG_ENABLE_MODULES = YES;
				CLANG_ENABLE_OBJC_ARC = YES;
				CLANG_ENABLE_OBJC_WEAK = YES;
				CLANG_WARN_BLOCK_CAPTURE_AUTORELEASING = YES;
				CLANG_WARN_BOOL_CONVERSION = YES;
				CLANG_WARN_COMMA = YES;
				CLANG_WARN_CONSTANT_CONVERSION = YES;
				CLANG_WARN_DEPRECATED_OBJC_IMPLEMENTATIONS = YES;
				CLANG_WARN_DIRECT_OBJC_ISA_USAGE = YES_ERROR;
				CLANG_WARN_DOCUMENTATION_COMMENTS = YES;
				CLANG_WARN_EMPTY_BODY = YES;
				CLANG_WARN_ENUM_CONVERSION = YES;
				CLANG_WARN_INFINITE_RECURSION = YES;
				CLANG_WARN_INT_CONVERSION = YES;
				CLANG_WARN_NON_LITERAL_NULL_CONVERSION = YES;
				CLANG_WARN_OBJC_IMPLICIT_RETAIN_SELF = YES;
				CLANG_WARN_OBJC_LITERAL_CONVERSION = YES;
				CLANG_WARN_OBJC_ROOT_CLASS = YES_ERROR;
				CLANG_WARN_QUOTED_INCLUDE_IN_FRAMEWORK_HEADER = YES;
				CLANG_WARN_RANGE_LOOP_ANALYSIS = YES;
				CLANG_WARN_STRICT_PROTOTYPES = YES;
				CLANG_WARN_SUSPICIOUS_MOVE = YES;
				CLANG_WARN_UNGUARDED_AVAILABILITY = YES_AGGRESSIVE;
				CLANG_WARN_UNREACHABLE_CODE = YES;
				CLANG_WARN__DUPLICATE_METHOD_MATCH = YES;
				COPY_PHASE_STRIP = NO;
				DEBUG_INFORMATION_FORMAT = "dwarf-with-dsym";
				ENABLE_NS_ASSERTIONS = NO;
				ENABLE_STRICT_OBJC_MSGSEND = YES;
				ENABLE_USER_SCRIPT_SANDBOXING = YES;
				ENABLE_USER_SELECTED_FILES = readwrite;
				GCC_C_LANGUAGE_STANDARD = gnu17;
				GCC_NO_COMMON_BLOCKS = YES;
				GCC_WARN_64_TO_32_BIT_CONVERSION = YES;
				GCC_WARN_ABOUT_RETURN_TYPE = YES_ERROR;
				GCC_WARN_UNDECLARED_SELECTOR = YES;
				GCC_WARN_UNINITIALIZED_AUTOS = YES_AGGRESSIVE;
				GCC_WARN_UNUSED_FUNCTION = YES;
				GCC_WARN_UNUSED_VARIABLE = YES;
				LOCALIZATION_PREFERS_STRING_CATALOGS = YES;
				MACOSX_DEPLOYMENT_TARGET = 14.1;
				MTL_ENABLE_DEBUG_INFO = NO;
				MTL_FAST_MATH = YES;
				SDKROOT = macosx;
				SWIFT_COMPILATION_MODE = wholemodule;
			};
			name = Release;
		};
		B1FBB79A2B3EF38A006FC513 /* Debug */ = {
			isa = XCBuildConfiguration;
			buildSettings = {
				ASSETCATALOG_COMPILER_APPICON_NAME = AppIcon;
				ASSETCATALOG_COMPILER_GLOBAL_ACCENT_COLOR_NAME = AccentColor;
				CODE_SIGN_ENTITLEMENTS = OrdnerMeister/OrdnerMeister.entitlements;
				CODE_SIGN_STYLE = Automatic;
				COMBINE_HIDPI_IMAGES = YES;
				CURRENT_PROJECT_VERSION = 1;
				DEVELOPMENT_ASSET_PATHS = "\"OrdnerMeister/Preview Content\"";
				DEVELOPMENT_TEAM = 7C48W538SL;
				ENABLE_HARDENED_RUNTIME = YES;
				ENABLE_PREVIEWS = YES;
				GENERATE_INFOPLIST_FILE = YES;
				INFOPLIST_KEY_NSHumanReadableCopyright = "";
				LD_RUNPATH_SEARCH_PATHS = (
					"$(inherited)",
					"@executable_path/../Frameworks",
				);
				MARKETING_VERSION = 1.0;
				PRODUCT_BUNDLE_IDENTIFIER = ch.tseng.OrdnerMeister;
				PRODUCT_NAME = "$(TARGET_NAME)";
				SWIFT_EMIT_LOC_STRINGS = YES;
				SWIFT_VERSION = 5.0;
			};
			name = Debug;
		};
		B1FBB79B2B3EF38A006FC513 /* Release */ = {
			isa = XCBuildConfiguration;
			buildSettings = {
				ASSETCATALOG_COMPILER_APPICON_NAME = AppIcon;
				ASSETCATALOG_COMPILER_GLOBAL_ACCENT_COLOR_NAME = AccentColor;
				CODE_SIGN_ENTITLEMENTS = OrdnerMeister/OrdnerMeister.entitlements;
				CODE_SIGN_STYLE = Automatic;
				COMBINE_HIDPI_IMAGES = YES;
				CURRENT_PROJECT_VERSION = 1;
				DEVELOPMENT_ASSET_PATHS = "\"OrdnerMeister/Preview Content\"";
				DEVELOPMENT_TEAM = 7C48W538SL;
				ENABLE_HARDENED_RUNTIME = YES;
				ENABLE_PREVIEWS = YES;
				GENERATE_INFOPLIST_FILE = YES;
				INFOPLIST_KEY_NSHumanReadableCopyright = "";
				LD_RUNPATH_SEARCH_PATHS = (
					"$(inherited)",
					"@executable_path/../Frameworks",
				);
				MARKETING_VERSION = 1.0;
				PRODUCT_BUNDLE_IDENTIFIER = ch.tseng.OrdnerMeister;
				PRODUCT_NAME = "$(TARGET_NAME)";
				SWIFT_EMIT_LOC_STRINGS = YES;
				SWIFT_VERSION = 5.0;
			};
			name = Release;
		};
		B1FBB79D2B3EF38A006FC513 /* Debug */ = {
			isa = XCBuildConfiguration;
			buildSettings = {
				ALWAYS_EMBED_SWIFT_STANDARD_LIBRARIES = YES;
				BUNDLE_LOADER = "$(TEST_HOST)";
				CLANG_ENABLE_MODULES = YES;
				CODE_SIGN_STYLE = Automatic;
				CURRENT_PROJECT_VERSION = 1;
				DEVELOPMENT_TEAM = 7C48W538SL;
				ENABLE_USER_SCRIPT_SANDBOXING = NO;
				GENERATE_INFOPLIST_FILE = YES;
				MACOSX_DEPLOYMENT_TARGET = 14.1;
				MARKETING_VERSION = 1.0;
				PRODUCT_BUNDLE_IDENTIFIER = ch.tseng.OrdnerMeisterTests;
				PRODUCT_NAME = "$(TARGET_NAME)";
				SWIFT_EMIT_LOC_STRINGS = NO;
				SWIFT_OPTIMIZATION_LEVEL = "-Onone";
				SWIFT_VERSION = 5.0;
				TEST_HOST = "$(BUILT_PRODUCTS_DIR)/OrdnerMeister.app/$(BUNDLE_EXECUTABLE_FOLDER_PATH)/OrdnerMeister";
			};
			name = Debug;
		};
		B1FBB79E2B3EF38A006FC513 /* Release */ = {
			isa = XCBuildConfiguration;
			buildSettings = {
				ALWAYS_EMBED_SWIFT_STANDARD_LIBRARIES = YES;
				BUNDLE_LOADER = "$(TEST_HOST)";
				CLANG_ENABLE_MODULES = YES;
				CODE_SIGN_STYLE = Automatic;
				CURRENT_PROJECT_VERSION = 1;
				DEVELOPMENT_TEAM = 7C48W538SL;
				ENABLE_USER_SCRIPT_SANDBOXING = NO;
				GENERATE_INFOPLIST_FILE = YES;
				MACOSX_DEPLOYMENT_TARGET = 14.1;
				MARKETING_VERSION = 1.0;
				PRODUCT_BUNDLE_IDENTIFIER = ch.tseng.OrdnerMeisterTests;
				PRODUCT_NAME = "$(TARGET_NAME)";
				SWIFT_EMIT_LOC_STRINGS = NO;
				SWIFT_VERSION = 5.0;
				TEST_HOST = "$(BUILT_PRODUCTS_DIR)/OrdnerMeister.app/$(BUNDLE_EXECUTABLE_FOLDER_PATH)/OrdnerMeister";
			};
			name = Release;
		};
/* End XCBuildConfiguration section */

/* Begin XCConfigurationList section */
		B1FBB76F2B3EF389006FC513 /* Build configuration list for PBXProject "OrdnerMeister" */ = {
			isa = XCConfigurationList;
			buildConfigurations = (
				B1FBB7972B3EF38A006FC513 /* Debug */,
				B1FBB7982B3EF38A006FC513 /* Release */,
			);
			defaultConfigurationIsVisible = 0;
			defaultConfigurationName = Release;
		};
		B1FBB7992B3EF38A006FC513 /* Build configuration list for PBXNativeTarget "OrdnerMeister" */ = {
			isa = XCConfigurationList;
			buildConfigurations = (
				B1FBB79A2B3EF38A006FC513 /* Debug */,
				B1FBB79B2B3EF38A006FC513 /* Release */,
			);
			defaultConfigurationIsVisible = 0;
			defaultConfigurationName = Release;
		};
		B1FBB79C2B3EF38A006FC513 /* Build configuration list for PBXNativeTarget "OrdnerMeisterTests" */ = {
			isa = XCConfigurationList;
			buildConfigurations = (
				B1FBB79D2B3EF38A006FC513 /* Debug */,
				B1FBB79E2B3EF38A006FC513 /* Release */,
			);
			defaultConfigurationIsVisible = 0;
			defaultConfigurationName = Release;
		};
/* End XCConfigurationList section */

/* Begin XCRemoteSwiftPackageReference section */
		B16164242B431AC9004D64AB /* XCRemoteSwiftPackageReference "Bayes" */ = {
			isa = XCRemoteSwiftPackageReference;
			repositoryURL = "https://github.com/fcanas/Bayes";
			requirement = {
				kind = upToNextMinorVersion;
				minimumVersion = 1.0.0;
			};
		};
		B1FBB7AA2B3F202D006FC513 /* XCRemoteSwiftPackageReference "mockingbird" */ = {
			isa = XCRemoteSwiftPackageReference;
			repositoryURL = "https://github.com/birdrides/mockingbird";
			requirement = {
				kind = upToNextMinorVersion;
				minimumVersion = 0.20.0;
			};
		};
/* End XCRemoteSwiftPackageReference section */

/* Begin XCSwiftPackageProductDependency section */
		B16164252B431AC9004D64AB /* Bayes */ = {
			isa = XCSwiftPackageProductDependency;
			package = B16164242B431AC9004D64AB /* XCRemoteSwiftPackageReference "Bayes" */;
			productName = Bayes;
		};
		B1FBB7AB2B3F202D006FC513 /* Mockingbird */ = {
			isa = XCSwiftPackageProductDependency;
			package = B1FBB7AA2B3F202D006FC513 /* XCRemoteSwiftPackageReference "mockingbird" */;
			productName = Mockingbird;
		};
/* End XCSwiftPackageProductDependency section */
	};
	rootObject = B1FBB76C2B3EF389006FC513 /* Project object */;
}
