// !$*UTF8*$!
{
	archiveVersion = 1;
	classes = {
	};
	objectVersion = 70;
	objects = {

/* Begin PBXBuildFile section */
		B12119092B45519E008C7195 /* String+Values.swift in Sources */ = {isa = PBXBuildFile; fileRef = B12119082B45519E008C7195 /* String+Values.swift */; };
		B12119212B49BEFB008C7195 /* FileManager.swift in Sources */ = {isa = PBXBuildFile; fileRef = B12119202B49BEFB008C7195 /* FileManager.swift */; };
		80CF0E91EFDB9A6588110E06 /* DependencyContainer.swift in Sources */ = {isa = PBXBuildFile; fileRef = 7941683CA9FBD45E239ECEC3 /* DependencyContainer.swift */; };
		B16164262B431AC9004D64AB /* Bayes in Frameworks */ = {isa = PBXBuildFile; productRef = B16164252B431AC9004D64AB /* Bayes */; };
		CE076C732F6C4700BDC45153 /* OrdnerMeisterDomain in Frameworks */ = {isa = PBXBuildFile; productRef = 9B2419986D1F345A7432041C /* OrdnerMeisterDomain */; };
		ECA7070F407659C0BE7E7B35 /* OrdnerMeisterData in Frameworks */ = {isa = PBXBuildFile; productRef = 94EE7D48C6FB2544E779251C /* OrdnerMeisterData */; };
		B3842FFB7632080ED3C91672 /* OrdnerMeisterPresentation in Frameworks */ = {isa = PBXBuildFile; productRef = D491DF52B0A21202DC984F29 /* OrdnerMeisterPresentation */; };

		B1FBB7782B3EF389006FC513 /* OrdnerMeisterApp.swift in Sources */ = {isa = PBXBuildFile; fileRef = B1FBB7772B3EF389006FC513 /* OrdnerMeisterApp.swift */; };
		B1FBB77C2B3EF389006FC513 /* Assets.xcassets in Resources */ = {isa = PBXBuildFile; fileRef = B1FBB77B2B3EF389006FC513 /* Assets.xcassets */; };
		B1FBB77F2B3EF389006FC513 /* Preview Assets.xcassets in Resources */ = {isa = PBXBuildFile; fileRef = B1FBB77E2B3EF389006FC513 /* Preview Assets.xcassets */; };
		B1FBB7B42B40018D006FC513 /* OMLogger.swift in Sources */ = {isa = PBXBuildFile; fileRef = B1FBB7B32B40018D006FC513 /* OMLogger.swift */; };
/* End PBXBuildFile section */

/* Begin PBXContainerItemProxy section */
		B10F71EA2EB3C1BC005E3D26 /* PBXContainerItemProxy */ = {
			isa = PBXContainerItemProxy;
			containerPortal = B1FBB76C2B3EF389006FC513 /* Project object */;
			proxyType = 1;
			remoteGlobalIDString = B1FBB7732B3EF389006FC513;
			remoteInfo = OrdnerMeister;
		};
/* End PBXContainerItemProxy section */

/* Begin PBXFileReference section */
		B10F71E62EB3C1BC005E3D26 /* OrdnerMeisterTests.xctest */ = {isa = PBXFileReference; explicitFileType = wrapper.cfbundle; includeInIndex = 0; path = OrdnerMeisterTests.xctest; sourceTree = BUILT_PRODUCTS_DIR; };
		B12119082B45519E008C7195 /* String+Values.swift */ = {isa = PBXFileReference; lastKnownFileType = sourcecode.swift; path = "String+Values.swift"; sourceTree = "<group>"; };
		B12119202B49BEFB008C7195 /* FileManager.swift */ = {isa = PBXFileReference; lastKnownFileType = sourcecode.swift; path = FileManager.swift; sourceTree = "<group>"; };
		B1869E932B42BA5E00B7407E /* OrdnerMeister.app */ = {isa = PBXFileReference; explicitFileType = wrapper.application; includeInIndex = 0; path = OrdnerMeister.app; sourceTree = BUILT_PRODUCTS_DIR; };
		B1FBB7772B3EF389006FC513 /* OrdnerMeisterApp.swift */ = {isa = PBXFileReference; lastKnownFileType = sourcecode.swift; path = OrdnerMeisterApp.swift; sourceTree = "<group>"; };
		B1FBB77B2B3EF389006FC513 /* Assets.xcassets */ = {isa = PBXFileReference; lastKnownFileType = folder.assetcatalog; path = Assets.xcassets; sourceTree = "<group>"; };
		B1FBB77E2B3EF389006FC513 /* Preview Assets.xcassets */ = {isa = PBXFileReference; lastKnownFileType = folder.assetcatalog; path = "Preview Assets.xcassets"; sourceTree = "<group>"; };
		B1FBB7802B3EF389006FC513 /* OrdnerMeister.entitlements */ = {isa = PBXFileReference; lastKnownFileType = text.plist.entitlements; path = OrdnerMeister.entitlements; sourceTree = "<group>"; };
		7941683CA9FBD45E239ECEC3 /* DependencyContainer.swift */ = {isa = PBXFileReference; lastKnownFileType = sourcecode.swift; path = DependencyContainer.swift; sourceTree = "<group>"; };
		B1FBB7B32B40018D006FC513 /* OMLogger.swift */ = {isa = PBXFileReference; lastKnownFileType = sourcecode.swift; path = OMLogger.swift; sourceTree = "<group>"; };
/* End PBXFileReference section */

/* Begin PBXFileSystemSynchronizedRootGroup section */
		B10F71E72EB3C1BC005E3D26 /* OrdnerMeisterTests */ = {isa = PBXFileSystemSynchronizedRootGroup; explicitFileTypes = {}; explicitFolders = (); path = OrdnerMeisterTests; sourceTree = "<group>"; };
/* End PBXFileSystemSynchronizedRootGroup section */

/* Begin PBXFrameworksBuildPhase section */
		B10F71E32EB3C1BC005E3D26 /* Frameworks */ = {
			isa = PBXFrameworksBuildPhase;
			buildActionMask = 2147483647;
			files = (
			);
			runOnlyForDeploymentPostprocessing = 0;
		};
		B1FBB7712B3EF389006FC513 /* Frameworks */ = {
			isa = PBXFrameworksBuildPhase;
			buildActionMask = 2147483647;
			files = (
				B16164262B431AC9004D64AB /* Bayes in Frameworks */,
				CE076C732F6C4700BDC45153 /* OrdnerMeisterDomain in Frameworks */,
				ECA7070F407659C0BE7E7B35 /* OrdnerMeisterData in Frameworks */,
				B3842FFB7632080ED3C91672 /* OrdnerMeisterPresentation in Frameworks */,

			);
			runOnlyForDeploymentPostprocessing = 0;
		};
/* End PBXFrameworksBuildPhase section */

/* Begin PBXGroup section */
		B12119072B455190008C7195 /* String */ = {
			isa = PBXGroup;
			children = (
				B12119082B45519E008C7195 /* String+Values.swift */,
			);
			path = String;
			sourceTree = "<group>";
		};
		B12119162B473077008C7195 /* Combine */ = {
			isa = PBXGroup;
			children = (
			);
			path = Combine;
			sourceTree = "<group>";
		};
		B121191F2B49BEE5008C7195 /* FileManager */ = {
			isa = PBXGroup;
			children = (
				B12119202B49BEFB008C7195 /* FileManager.swift */,
			);
			path = FileManager;
			sourceTree = "<group>";
		};
		B17F91432B41B80800473E19 /* PDF */ = {
			isa = PBXGroup;
			children = (
			);
			path = PDF;
			sourceTree = "<group>";
		};
		B1869E9E2B42BC8300B7407E /* NLP */ = {
			isa = PBXGroup;
			children = (
			);
			path = NLP;
			sourceTree = "<group>";
		};
		B19E6A722B404930006B7A4A /* FileTree */ = {
			isa = PBXGroup;
			children = (
			);
			path = FileTree;
			sourceTree = "<group>";
		};
		B1C29AA22B540EDE00E63F24 /* Settings */ = {
			isa = PBXGroup;
			children = (
			);
			path = Settings;
			sourceTree = "<group>";
		};
		B1FBB76B2B3EF389006FC513 = {
			isa = PBXGroup;
			children = (
				B1FBB7762B3EF389006FC513 /* OrdnerMeister */,
				B1869E932B42BA5E00B7407E /* OrdnerMeister.app */,
				B10F71E62EB3C1BC005E3D26 /* OrdnerMeisterTests.xctest */,
				B10F71E72EB3C1BC005E3D26 /* OrdnerMeisterTests */,
			);
			sourceTree = "<group>";
		};
		B1FBB7762B3EF389006FC513 /* OrdnerMeister */ = {
			isa = PBXGroup;
			children = (
				B1FBB7A42B3F1AFC006FC513 /* Main */,
				B1C29AA22B540EDE00E63F24 /* Settings */,
				B1FBB7B12B40010A006FC513 /* Shared */,
				B19E6A722B404930006B7A4A /* FileTree */,
				B17F91432B41B80800473E19 /* PDF */,
				B1869E9E2B42BC8300B7407E /* NLP */,
				B1FBB77B2B3EF389006FC513 /* Assets.xcassets */,
				B1FBB7802B3EF389006FC513 /* OrdnerMeister.entitlements */,
				B1FBB77D2B3EF389006FC513 /* Preview Content */,
			);
			path = OrdnerMeister;
			sourceTree = "<group>";
		};
		B1FBB77D2B3EF389006FC513 /* Preview Content */ = {
			isa = PBXGroup;
			children = (
				B1FBB77E2B3EF389006FC513 /* Preview Assets.xcassets */,
			);
			path = "Preview Content";
			sourceTree = "<group>";
		};
		B1FBB7A42B3F1AFC006FC513 /* Main */ = {
			isa = PBXGroup;
			children = (
				B1FBB7772B3EF389006FC513 /* OrdnerMeisterApp.swift */,
				7941683CA9FBD45E239ECEC3 /* DependencyContainer.swift */,
			);
			path = Main;
			sourceTree = "<group>";
		};
		B1FBB7B12B40010A006FC513 /* Shared */ = {
			isa = PBXGroup;
			children = (
				B121191F2B49BEE5008C7195 /* FileManager */,
				B12119162B473077008C7195 /* Combine */,
				B12119072B455190008C7195 /* String */,
				B1FBB7B22B40017A006FC513 /* Logging */,
			);
			path = Shared;
			sourceTree = "<group>";
		};
		B1FBB7B22B40017A006FC513 /* Logging */ = {
			isa = PBXGroup;
			children = (
				B1FBB7B32B40018D006FC513 /* OMLogger.swift */,
			);
			path = Logging;
			sourceTree = "<group>";
		};
/* End PBXGroup section */

/* Begin PBXNativeTarget section */
		B10F71E52EB3C1BC005E3D26 /* OrdnerMeisterTests */ = {
			isa = PBXNativeTarget;
			buildConfigurationList = B10F71EC2EB3C1BC005E3D26 /* Build configuration list for PBXNativeTarget "OrdnerMeisterTests" */;
			buildPhases = (
				B10F71E22EB3C1BC005E3D26 /* Sources */,
				B10F71E32EB3C1BC005E3D26 /* Frameworks */,
				B10F71E42EB3C1BC005E3D26 /* Resources */,
			);
			buildRules = (
			);
			dependencies = (
				B10F71EB2EB3C1BC005E3D26 /* PBXTargetDependency */,
			);
			fileSystemSynchronizedGroups = (
				B10F71E72EB3C1BC005E3D26 /* OrdnerMeisterTests */,
			);
			name = OrdnerMeisterTests;
			packageProductDependencies = (
			);
			productName = OrdnerMeisterTests;
			productReference = B10F71E62EB3C1BC005E3D26 /* OrdnerMeisterTests.xctest */;
			productType = "com.apple.product-type.bundle.unit-test";
		};
		B1FBB7732B3EF389006FC513 /* OrdnerMeister */ = {
			isa = PBXNativeTarget;
			buildConfigurationList = B1FBB7992B3EF38A006FC513 /* Build configuration list for PBXNativeTarget "OrdnerMeister" */;
			buildPhases = (
				B1FBB7702B3EF389006FC513 /* Sources */,
				B1FBB7712B3EF389006FC513 /* Frameworks */,
				B1FBB7722B3EF389006FC513 /* Resources */,
			);
			buildRules = (
			);
			dependencies = (
			);
			name = OrdnerMeister;
			packageProductDependencies = (
				B16164252B431AC9004D64AB /* Bayes */,
			);
			productName = OrdnerMeister;
			productReference = B1869E932B42BA5E00B7407E /* OrdnerMeister.app */;
			productType = "com.apple.product-type.application";
		};
/* End PBXNativeTarget section */

/* Begin PBXProject section */
		B1FBB76C2B3EF389006FC513 /* Project object */ = {
			isa = PBXProject;
			attributes = {
				BuildIndependentTargetsInParallel = 1;
				LastSwiftUpdateCheck = 2610;
				LastUpgradeCheck = 1510;
				TargetAttributes = {
					B10F71E52EB3C1BC005E3D26 = {
						CreatedOnToolsVersion = 26.1;
						TestTargetID = B1FBB7732B3EF389006FC513;
					};
					B1FBB7732B3EF389006FC513 = {
						CreatedOnToolsVersion = 15.1;
					};
				};
			};
			buildConfigurationList = B1FBB76F2B3EF389006FC513 /* Build configuration list for PBXProject "OrdnerMeister" */;
			compatibilityVersion = "Xcode 14.0";
			developmentRegion = en;
			hasScannedForEncodings = 0;
			knownRegions = (
				en,
				Base,
			);
			mainGroup = B1FBB76B2B3EF389006FC513;
			packageReferences = (
				B16164242B431AC9004D64AB /* XCRemoteSwiftPackageReference "Bayes" */,
				3BA7DADC098FE4519604DBA1 /* XCLocalSwiftPackageReference "OrdnerMeisterDomain" */,
				25DB5B573003A05C3600EDA9 /* XCLocalSwiftPackageReference "OrdnerMeisterData" */,
				05DED06B1AB28B0DAEDD9554 /* XCLocalSwiftPackageReference "OrdnerMeisterPresentation" */,

			);
			productRefGroup = B1FBB76B2B3EF389006FC513;
			projectDirPath = "";
			projectRoot = "";
			targets = (
				B1FBB7732B3EF389006FC513 /* OrdnerMeister */,
				B10F71E52EB3C1BC005E3D26 /* OrdnerMeisterTests */,
			);
		};
/* End PBXProject section */

/* Begin PBXResourcesBuildPhase section */
		B10F71E42EB3C1BC005E3D26 /* Resources */ = {
			isa = PBXResourcesBuildPhase;
			buildActionMask = 2147483647;
			files = (
			);
			runOnlyForDeploymentPostprocessing = 0;
		};
		B1FBB7722B3EF389006FC513 /* Resources */ = {
			isa = PBXResourcesBuildPhase;
			buildActionMask = 2147483647;
			files = (
				B1FBB77F2B3EF389006FC513 /* Preview Assets.xcassets in Resources */,
				B1FBB77C2B3EF389006FC513 /* Assets.xcassets in Resources */,
			);
			runOnlyForDeploymentPostprocessing = 0;
		};
/* End PBXResourcesBuildPhase section */

/* Begin PBXSourcesBuildPhase section */
		B10F71E22EB3C1BC005E3D26 /* Sources */ = {
			isa = PBXSourcesBuildPhase;
			buildActionMask = 2147483647;
			files = (
			);
			runOnlyForDeploymentPostprocessing = 0;
		};
		B1FBB7702B3EF389006FC513 /* Sources */ = {
			isa = PBXSourcesBuildPhase;
			buildActionMask = 2147483647;
			files = (
				B12119092B45519E008C7195 /* String+Values.swift in Sources */,
				B1FBB7B42B40018D006FC513 /* OMLogger.swift in Sources */,
				B12119212B49BEFB008C7195 /* FileManager.swift in Sources */,
				B1FBB7782B3EF389006FC513 /* OrdnerMeisterApp.swift in Sources */,
				80CF0E91EFDB9A6588110E06 /* DependencyContainer.swift in Sources */,
			);
			runOnlyForDeploymentPostprocessing = 0;
		};
/* End PBXSourcesBuildPhase section */

/* Begin PBXTargetDependency section */
		B10F71EB2EB3C1BC005E3D26 /* PBXTargetDependency */ = {
			isa = PBXTargetDependency;
			target = B1FBB7732B3EF389006FC513 /* OrdnerMeister */;
			targetProxy = B10F71EA2EB3C1BC005E3D26 /* PBXContainerItemProxy */;
		};
/* End PBXTargetDependency section */

/* Begin XCBuildConfiguration section */
		B10F71ED2EB3C1BC005E3D26 /* Debug */ = {
			isa = XCBuildConfiguration;
			buildSettings = {
				BUNDLE_LOADER = "$(TEST_HOST)";
				CODE_SIGN_STYLE = Automatic;
				CURRENT_PROJECT_VERSION = 1;
				DEVELOPMENT_TEAM = 7C48W538SL;
				GENERATE_INFOPLIST_FILE = YES;
				MACOSX_DEPLOYMENT_TARGET = 26.0;
				MARKETING_VERSION = 1.0;
				PRODUCT_BUNDLE_IDENTIFIER = ch.tseng.OrdnerMeisterTests;
				PRODUCT_NAME = "$(TARGET_NAME)";
				STRING_CATALOG_GENERATE_SYMBOLS = NO;
				SWIFT_APPROACHABLE_CONCURRENCY = YES;
				SWIFT_EMIT_LOC_STRINGS = NO;
				SWIFT_UPCOMING_FEATURE_MEMBER_IMPORT_VISIBILITY = YES;
				SWIFT_VERSION = 5.0;
				TEST_HOST = "$(BUILT_PRODUCTS_DIR)/OrdnerMeister.app/$(BUNDLE_EXECUTABLE_FOLDER_PATH)/OrdnerMeister";
			};
			name = Debug;
		};
		B10F71EE2EB3C1BC005E3D26 /* Release */ = {
			isa = XCBuildConfiguration;
			buildSettings = {
				BUNDLE_LOADER = "$(TEST_HOST)";
				CODE_SIGN_STYLE = Automatic;
				CURRENT_PROJECT_VERSION = 1;
				DEVELOPMENT_TEAM = 7C48W538SL;
				GENERATE_INFOPLIST_FILE = YES;
				MACOSX_DEPLOYMENT_TARGET = 26.0;
				MARKETING_VERSION = 1.0;
				PRODUCT_BUNDLE_IDENTIFIER = ch.tseng.OrdnerMeisterTests;
				PRODUCT_NAME = "$(TARGET_NAME)";
				STRING_CATALOG_GENERATE_SYMBOLS = NO;
				SWIFT_APPROACHABLE_CONCURRENCY = YES;
				SWIFT_EMIT_LOC_STRINGS = NO;
				SWIFT_UPCOMING_FEATURE_MEMBER_IMPORT_VISIBILITY = YES;
				SWIFT_VERSION = 5.0;
				TEST_HOST = "$(BUILT_PRODUCTS_DIR)/OrdnerMeister.app/$(BUNDLE_EXECUTABLE_FOLDER_PATH)/OrdnerMeister";
			};
			name = Release;
		};
		B1FBB7972B3EF38A006FC513 /* Debug */ = {
			isa = XCBuildConfiguration;
			buildSettings = {
				ALWAYS_SEARCH_USER_PATHS = NO;
				ASSETCATALOG_COMPILER_GENERATE_SWIFT_ASSET_SYMBOL_EXTENSIONS = YES;
				CLANG_ANALYZER_NONNULL = YES;
				CLANG_ANALYZER_NUMBER_OBJECT_CONVERSION = YES_AGGRESSIVE;
				CLANG_CXX_LANGUAGE_STANDARD = "gnu++20";
				CLANG_ENABLE_MODULES = YES;
				CLANG_ENABLE_OBJC_ARC = YES;
				CLANG_ENABLE_OBJC_WEAK = YES;
				CLANG_WARN_BLOCK_CAPTURE_AUTORELEASING = YES;
				CLANG_WARN_BOOL_CONVERSION = YES;
				CLANG_WARN_COMMA = YES;
				CLANG_WARN_CONSTANT_CONVERSION = YES;
				CLANG_WARN_DEPRECATED_OBJC_IMPLEMENTATIONS = YES;
				CLANG_WARN_DIRECT_OBJC_ISA_USAGE = YES_ERROR;
				CLANG_WARN_DOCUMENTATION_COMMENTS = YES;
				CLANG_WARN_EMPTY_BODY = YES;
				CLANG_WARN_ENUM_CONVERSION = YES;
				CLANG_WARN_INFINITE_RECURSION = YES;
				CLANG_WARN_INT_CONVERSION = YES;
				CLANG_WARN_NON_LITERAL_NULL_CONVERSION = YES;
				CLANG_WARN_OBJC_IMPLICIT_RETAIN_SELF = YES;
				CLANG_WARN_OBJC_LITERAL_CONVERSION = YES;
				CLANG_WARN_OBJC_ROOT_CLASS = YES_ERROR;
				CLANG_WARN_QUOTED_INCLUDE_IN_FRAMEWORK_HEADER = YES;
				CLANG_WARN_RANGE_LOOP_ANALYSIS = YES;
				CLANG_WARN_STRICT_PROTOTYPES = YES;
				CLANG_WARN_SUSPICIOUS_MOVE = YES;
				CLANG_WARN_UNGUARDED_AVAILABILITY = YES_AGGRESSIVE;
				CLANG_WARN_UNREACHABLE_CODE = YES;
				CLANG_WARN__DUPLICATE_METHOD_MATCH = YES;
				COPY_PHASE_STRIP = NO;
				DEBUG_INFORMATION_FORMAT = dwarf;
				ENABLE_STRICT_OBJC_MSGSEND = YES;
				ENABLE_TESTABILITY = YES;
				ENABLE_USER_SCRIPT_SANDBOXING = YES;
				ENABLE_USER_SELECTED_FILES = readwrite;
				GCC_C_LANGUAGE_STANDARD = gnu17;
				GCC_DYNAMIC_NO_PIC = NO;
				GCC_NO_COMMON_BLOCKS = YES;
				GCC_OPTIMIZATION_LEVEL = 0;
				GCC_PREPROCESSOR_DEFINITIONS = (
					"DEBUG=1",
					"$(inherited)",
				);
				GCC_WARN_64_TO_32_BIT_CONVERSION = YES;
				GCC_WARN_ABOUT_RETURN_TYPE = YES_ERROR;
				GCC_WARN_UNDECLARED_SELECTOR = YES;
				GCC_WARN_UNINITIALIZED_AUTOS = YES_AGGRESSIVE;
				GCC_WARN_UNUSED_FUNCTION = YES;
				GCC_WARN_UNUSED_VARIABLE = YES;
				LOCALIZATION_PREFERS_STRING_CATALOGS = YES;
				MACOSX_DEPLOYMENT_TARGET = 14.1;
				MTL_ENABLE_DEBUG_INFO = INCLUDE_SOURCE;
				MTL_FAST_MATH = YES;
				ONLY_ACTIVE_ARCH = YES;
				SDKROOT = macosx;
				SWIFT_ACTIVE_COMPILATION_CONDITIONS = "DEBUG $(inherited)";
				SWIFT_OPTIMIZATION_LEVEL = "-Onone";
			};
			name = Debug;
		};
		B1FBB7982B3EF38A006FC513 /* Release */ = {
			isa = XCBuildConfiguration;
			buildSettings = {
				ALWAYS_SEARCH_USER_PATHS = NO;
				ASSETCATALOG_COMPILER_GENERATE_SWIFT_ASSET_SYMBOL_EXTENSIONS = YES;
				CLANG_ANALYZER_NONNULL = YES;
				CLANG_ANALYZER_NUMBER_OBJECT_CONVERSION = YES_AGGRESSIVE;
				CLANG_CXX_LANGUAGE_STANDARD = "gnu++20";
				CLANG_ENABLE_MODULES = YES;
				CLANG_ENABLE_OBJC_ARC = YES;
				CLANG_ENABLE_OBJC_WEAK = YES;
				CLANG_WARN_BLOCK_CAPTURE_AUTORELEASING = YES;
				CLANG_WARN_BOOL_CONVERSION = YES;
				CLANG_WARN_COMMA = YES;
				CLANG_WARN_CONSTANT_CONVERSION = YES;
				CLANG_WARN_DEPRECATED_OBJC_IMPLEMENTATIONS = YES;
				CLANG_WARN_DIRECT_OBJC_ISA_USAGE = YES_ERROR;
				CLANG_WARN_DOCUMENTATION_COMMENTS = YES;
				CLANG_WARN_EMPTY_BODY = YES;
				CLANG_WARN_ENUM_CONVERSION = YES;
				CLANG_WARN_INFINITE_RECURSION = YES;
				CLANG_WARN_INT_CONVERSION = YES;
				CLANG_WARN_NON_LITERAL_NULL_CONVERSION = YES;
				CLANG_WARN_OBJC_IMPLICIT_RETAIN_SELF = YES;
				CLANG_WARN_OBJC_LITERAL_CONVERSION = YES;
				CLANG_WARN_OBJC_ROOT_CLASS = YES_ERROR;
				CLANG_WARN_QUOTED_INCLUDE_IN_FRAMEWORK_HEADER = YES;
				CLANG_WARN_RANGE_LOOP_ANALYSIS = YES;
				CLANG_WARN_STRICT_PROTOTYPES = YES;
				CLANG_WARN_SUSPICIOUS_MOVE = YES;
				CLANG_WARN_UNGUARDED_AVAILABILITY = YES_AGGRESSIVE;
				CLANG_WARN_UNREACHABLE_CODE = YES;
				CLANG_WARN__DUPLICATE_METHOD_MATCH = YES;
				COPY_PHASE_STRIP = NO;
				DEBUG_INFORMATION_FORMAT = "dwarf-with-dsym";
				ENABLE_NS_ASSERTIONS = NO;
				ENABLE_STRICT_OBJC_MSGSEND = YES;
				ENABLE_USER_SCRIPT_SANDBOXING = YES;
				ENABLE_USER_SELECTED_FILES = readwrite;
				GCC_C_LANGUAGE_STANDARD = gnu17;
				GCC_NO_COMMON_BLOCKS = YES;
				GCC_WARN_64_TO_32_BIT_CONVERSION = YES;
				GCC_WARN_ABOUT_RETURN_TYPE = YES_ERROR;
				GCC_WARN_UNDECLARED_SELECTOR = YES;
				GCC_WARN_UNINITIALIZED_AUTOS = YES_AGGRESSIVE;
				GCC_WARN_UNUSED_FUNCTION = YES;
				GCC_WARN_UNUSED_VARIABLE = YES;
				LOCALIZATION_PREFERS_STRING_CATALOGS = YES;
				MACOSX_DEPLOYMENT_TARGET = 14.1;
				MTL_ENABLE_DEBUG_INFO = NO;
				MTL_FAST_MATH = YES;
				SDKROOT = macosx;
				SWIFT_COMPILATION_MODE = wholemodule;
			};
			name = Release;
		};
		B1FBB79A2B3EF38A006FC513 /* Debug */ = {
			isa = XCBuildConfiguration;
			buildSettings = {
				ASSETCATALOG_COMPILER_APPICON_NAME = AppIcon;
				ASSETCATALOG_COMPILER_GLOBAL_ACCENT_COLOR_NAME = AccentColor;
				CODE_SIGN_ENTITLEMENTS = OrdnerMeister/OrdnerMeister.entitlements;
				CODE_SIGN_STYLE = Automatic;
				COMBINE_HIDPI_IMAGES = YES;
				CURRENT_PROJECT_VERSION = 1;
				DEVELOPMENT_ASSET_PATHS = "\"OrdnerMeister/Preview Content\"";
				DEVELOPMENT_TEAM = 7C48W538SL;
				ENABLE_HARDENED_RUNTIME = YES;
				ENABLE_PREVIEWS = YES;
				GENERATE_INFOPLIST_FILE = YES;
				INFOPLIST_KEY_NSHumanReadableCopyright = "";
				LD_RUNPATH_SEARCH_PATHS = (
					"$(inherited)",
					"@executable_path/../Frameworks",
				);
				MARKETING_VERSION = 1.0;
				PRODUCT_BUNDLE_IDENTIFIER = ch.tseng.OrdnerMeister;
				PRODUCT_NAME = "$(TARGET_NAME)";
				SWIFT_EMIT_LOC_STRINGS = YES;
				SWIFT_VERSION = 5.0;
			};
			name = Debug;
		};
		B1FBB79B2B3EF38A006FC513 /* Release */ = {
			isa = XCBuildConfiguration;
			buildSettings = {
				ASSETCATALOG_COMPILER_APPICON_NAME = AppIcon;
				ASSETCATALOG_COMPILER_GLOBAL_ACCENT_COLOR_NAME = AccentColor;
				CODE_SIGN_ENTITLEMENTS = OrdnerMeister/OrdnerMeister.entitlements;
				CODE_SIGN_STYLE = Automatic;
				COMBINE_HIDPI_IMAGES = YES;
				CURRENT_PROJECT_VERSION = 1;
				DEVELOPMENT_ASSET_PATHS = "\"OrdnerMeister/Preview Content\"";
				DEVELOPMENT_TEAM = 7C48W538SL;
				ENABLE_HARDENED_RUNTIME = YES;
				ENABLE_PREVIEWS = YES;
				GENERATE_INFOPLIST_FILE = YES;
				INFOPLIST_KEY_NSHumanReadableCopyright = "";
				LD_RUNPATH_SEARCH_PATHS = (
					"$(inherited)",
					"@executable_path/../Frameworks",
				);
				MARKETING_VERSION = 1.0;
				PRODUCT_BUNDLE_IDENTIFIER = ch.tseng.OrdnerMeister;
				PRODUCT_NAME = "$(TARGET_NAME)";
				SWIFT_EMIT_LOC_STRINGS = YES;
				SWIFT_VERSION = 5.0;
			};
			name = Release;
		};
/* End XCBuildConfiguration section */

/* Begin XCConfigurationList section */
		B10F71EC2EB3C1BC005E3D26 /* Build configuration list for PBXNativeTarget "OrdnerMeisterTests" */ = {
			isa = XCConfigurationList;
			buildConfigurations = (
				B10F71ED2EB3C1BC005E3D26 /* Debug */,
				B10F71EE2EB3C1BC005E3D26 /* Release */,
			);
			defaultConfigurationIsVisible = 0;
			defaultConfigurationName = Release;
		};
		B1FBB76F2B3EF389006FC513 /* Build configuration list for PBXProject "OrdnerMeister" */ = {
			isa = XCConfigurationList;
			buildConfigurations = (
				B1FBB7972B3EF38A006FC513 /* Debug */,
				B1FBB7982B3EF38A006FC513 /* Release */,
			);
			defaultConfigurationIsVisible = 0;
			defaultConfigurationName = Release;
		};
		B1FBB7992B3EF38A006FC513 /* Build configuration list for PBXNativeTarget "OrdnerMeister" */ = {
			isa = XCConfigurationList;
			buildConfigurations = (
				B1FBB79A2B3EF38A006FC513 /* Debug */,
				B1FBB79B2B3EF38A006FC513 /* Release */,
			);
			defaultConfigurationIsVisible = 0;
			defaultConfigurationName = Release;
		};
/* End XCConfigurationList section */

/* Begin XCRemoteSwiftPackageReference section */
		B16164242B431AC9004D64AB /* XCRemoteSwiftPackageReference "Bayes" */ = {
			isa = XCRemoteSwiftPackageReference;
			repositoryURL = "https://github.com/fcanas/Bayes";
			requirement = {
				kind = upToNextMinorVersion;
				minimumVersion = 1.0.0;
			};
		};
/* End XCRemoteSwiftPackageReference section */

/* Begin XCLocalSwiftPackageReference section */
		3BA7DADC098FE4519604DBA1 /* XCLocalSwiftPackageReference "OrdnerMeisterDomain" */ = {
			isa = XCLocalSwiftPackageReference;
			relativePath = Packages/OrdnerMeisterDomain;
		};
		25DB5B573003A05C3600EDA9 /* XCLocalSwiftPackageReference "OrdnerMeisterData" */ = {
			isa = XCLocalSwiftPackageReference;
			relativePath = Packages/OrdnerMeisterData;
		};
		05DED06B1AB28B0DAEDD9554 /* XCLocalSwiftPackageReference "OrdnerMeisterPresentation" */ = {
			isa = XCLocalSwiftPackageReference;
			relativePath = Packages/OrdnerMeisterPresentation;
		};
/* End XCLocalSwiftPackageReference section */


/* Begin XCSwiftPackageProductDependency section */
		B16164252B431AC9004D64AB /* Bayes */ = {
			isa = XCSwiftPackageProductDependency;
			package = B16164242B431AC9004D64AB /* XCRemoteSwiftPackageReference "Bayes" */;
			productName = Bayes;
		};
		9B2419986D1F345A7432041C /* OrdnerMeisterDomain */ = {
			isa = XCSwiftPackageProductDependency;
			package = 3BA7DADC098FE4519604DBA1 /* XCLocalSwiftPackageReference "OrdnerMeisterDomain" */;
			productName = OrdnerMeisterDomain;
		};
		94EE7D48C6FB2544E779251C /* OrdnerMeisterData */ = {
			isa = XCSwiftPackageProductDependency;
			package = 25DB5B573003A05C3600EDA9 /* XCLocalSwiftPackageReference "OrdnerMeisterData" */;
			productName = OrdnerMeisterData;
		};
		D491DF52B0A21202DC984F29 /* OrdnerMeisterPresentation */ = {
			isa = XCSwiftPackageProductDependency;
			package = 05DED06B1AB28B0DAEDD9554 /* XCLocalSwiftPackageReference "OrdnerMeisterPresentation" */;
			productName = OrdnerMeisterPresentation;
		};

/* End XCSwiftPackageProductDependency section */
	};
	rootObject = B1FBB76C2B3EF389006FC513 /* Project object */;
}
